
Microsoft Visual Studio Solution File, Format Version 12.00
# Visual Studio Version 17
VisualStudioVersion = 17.2.32602.215
MinimumVisualStudioVersion = 10.0.40219.1
Project("{FAE04EC0-301F-11D3-BF4B-00C04F79EFBC}") = "ExceptionHandlingPractice", "ExceptionHandlingPractice\ExceptionHandlingPractice.csproj", "{59B68D02-165B-4F3E-985F-13D511B7D52B}"
EndProject
Global
	GlobalSection(SolutionConfigurationPlatforms) = preSolution
		Debug|Any CPU = Debug|Any CPU
		Release|Any CPU = Release|Any CPU
	EndGlobalSection
	GlobalSection(ProjectConfigurationPlatforms) = postSolution
		{59B68D02-165B-4F3E-985F-13D511B7D52B}.Debug|Any CPU.ActiveCfg = Debug|Any CPU
		{59B68D02-165B-4F3E-985F-13D511B7D52B}.Debug|Any CPU.Build.0 = Debug|Any CPU
		{59B68D02-165B-4F3E-985F-13D511B7D52B}.Release|Any CPU.ActiveCfg = Release|Any CPU
		{59B68D02-165B-4F3E-985F-13D511B7D52B}.Release|Any CPU.Build.0 = Release|Any CPU
	EndGlobalSection
	GlobalSection(SolutionProperties) = preSolution
		HideSolutionNode = FALSE
	EndGlobalSection
	GlobalSection(ExtensibilityGlobals) = postSolution
		SolutionGuid = {58D5B6D4-D11F-4742-AEA7-A7EA0456691D}
	EndGlobalSection
EndGlobal
